
Microsoft Visual Studio Solution File, Format Version 12.00
# Visual Studio Version 16
VisualStudioVersion = 16.0.30320.27
MinimumVisualStudioVersion = 10.0.40219.1
Project("{FAE04EC0-301F-11D3-BF4B-00C04F79EFBC}") = "PTUIA - Selenium Web Driver", "PTUIA - Selenium Web Driver\PTUIA - Selenium Web Driver.csproj", "{98BFB3ED-92D6-41F3-86E9-4603B60CDEFE}"
EndProject
Global
	GlobalSection(SolutionConfigurationPlatforms) = preSolution
		Debug|Any CPU = Debug|Any CPU
		Release|Any CPU = Release|Any CPU
	EndGlobalSection
	GlobalSection(ProjectConfigurationPlatforms) = postSolution
		{98BFB3ED-92D6-41F3-86E9-4603B60CDEFE}.Debug|Any CPU.ActiveCfg = Debug|Any CPU
		{98BFB3ED-92D6-41F3-86E9-4603B60CDEFE}.Debug|Any CPU.Build.0 = Debug|Any CPU
		{98BFB3ED-92D6-41F3-86E9-4603B60CDEFE}.Release|Any CPU.ActiveCfg = Release|Any CPU
		{98BFB3ED-92D6-41F3-86E9-4603B60CDEFE}.Release|Any CPU.Build.0 = Release|Any CPU
	EndGlobalSection
	GlobalSection(SolutionProperties) = preSolution
		HideSolutionNode = FALSE
	EndGlobalSection
	GlobalSection(ExtensibilityGlobals) = postSolution
		SolutionGuid = {6C2D83A1-4655-4A64-9D62-6CD4469703BA}
	EndGlobalSection
EndGlobal
